// !$*UTF8*$!
{
	archiveVersion = 1;
	classes = {
	};
	objectVersion = 48;
	objects = {

/* Begin PBXBuildFile section */
		7C6E127AB111285019D34649 /* Pods_MyPlacesUITests.framework in Frameworks */ = {isa = PBXBuildFile; fileRef = E97F47B617FA9FCC5EEFE8B3 /* Pods_MyPlacesUITests.framework */; };
		8E27AD431FF46973002D61AB /* PlaceDetailViewController.swift in Sources */ = {isa = PBXBuildFile; fileRef = 8E27AD421FF46973002D61AB /* PlaceDetailViewController.swift */; };
		8E7FDE371FF3F24D004880F8 /* AppDelegate.swift in Sources */ = {isa = PBXBuildFile; fileRef = 8E7FDE361FF3F24D004880F8 /* AppDelegate.swift */; };
		8E7FDE391FF3F24D004880F8 /* PlacesListViewController.swift in Sources */ = {isa = PBXBuildFile; fileRef = 8E7FDE381FF3F24D004880F8 /* PlacesListViewController.swift */; };
		8E7FDE3C1FF3F24D004880F8 /* Main.storyboard in Resources */ = {isa = PBXBuildFile; fileRef = 8E7FDE3A1FF3F24D004880F8 /* Main.storyboard */; };
		8E7FDE3F1FF3F24D004880F8 /* MyPlaces.xcdatamodeld in Sources */ = {isa = PBXBuildFile; fileRef = 8E7FDE3D1FF3F24D004880F8 /* MyPlaces.xcdatamodeld */; };
		8E7FDE411FF3F24D004880F8 /* Assets.xcassets in Resources */ = {isa = PBXBuildFile; fileRef = 8E7FDE401FF3F24D004880F8 /* Assets.xcassets */; };
		8E7FDE441FF3F24D004880F8 /* LaunchScreen.storyboard in Resources */ = {isa = PBXBuildFile; fileRef = 8E7FDE421FF3F24D004880F8 /* LaunchScreen.storyboard */; };
		8E7FDE4F1FF3F24D004880F8 /* MyPlacesTests.swift in Sources */ = {isa = PBXBuildFile; fileRef = 8E7FDE4E1FF3F24D004880F8 /* MyPlacesTests.swift */; };
		8E7FDE5A1FF3F24D004880F8 /* MyPlacesUITests.swift in Sources */ = {isa = PBXBuildFile; fileRef = 8E7FDE591FF3F24D004880F8 /* MyPlacesUITests.swift */; };
		8E7FDE691FF3FDCA004880F8 /* PlaceCell.swift in Sources */ = {isa = PBXBuildFile; fileRef = 8E7FDE671FF3FDCA004880F8 /* PlaceCell.swift */; };
		8E7FDE6A1FF3FDCA004880F8 /* PlaceCell.xib in Resources */ = {isa = PBXBuildFile; fileRef = 8E7FDE681FF3FDCA004880F8 /* PlaceCell.xib */; };
		8E7FDE6C1FF40209004880F8 /* Place.swift in Sources */ = {isa = PBXBuildFile; fileRef = 8E7FDE6B1FF40209004880F8 /* Place.swift */; };
		8E85E0E81FF6D09C0025A3B1 /* MapViewController.swift in Sources */ = {isa = PBXBuildFile; fileRef = 8E85E0E71FF6D09C0025A3B1 /* MapViewController.swift */; };
		8E85E0EB1FF6D48D0025A3B1 /* MarkerView.swift in Sources */ = {isa = PBXBuildFile; fileRef = 8E85E0EA1FF6D48D0025A3B1 /* MarkerView.swift */; };
		8E85E0ED1FF6D5140025A3B1 /* MarkerView.xib in Resources */ = {isa = PBXBuildFile; fileRef = 8E85E0EC1FF6D5140025A3B1 /* MarkerView.xib */; };
		C91F10DE994E825B1F82A5C0 /* Pods_MyPlaces.framework in Frameworks */ = {isa = PBXBuildFile; fileRef = 02D72E4194D1089FA11FB8E3 /* Pods_MyPlaces.framework */; };
		CE8BF2B5DFB2AC556E61F261 /* Pods_MyPlacesTests.framework in Frameworks */ = {isa = PBXBuildFile; fileRef = 93E8148D3EBC8CEA0666889B /* Pods_MyPlacesTests.framework */; };
/* End PBXBuildFile section */

/* Begin PBXContainerItemProxy section */
		8E7FDE4B1FF3F24D004880F8 /* PBXContainerItemProxy */ = {
			isa = PBXContainerItemProxy;
			containerPortal = 8E7FDE2B1FF3F24D004880F8 /* Project object */;
			proxyType = 1;
			remoteGlobalIDString = 8E7FDE321FF3F24D004880F8;
			remoteInfo = MyPlaces;
		};
		8E7FDE561FF3F24D004880F8 /* PBXContainerItemProxy */ = {
			isa = PBXContainerItemProxy;
			containerPortal = 8E7FDE2B1FF3F24D004880F8 /* Project object */;
			proxyType = 1;
			remoteGlobalIDString = 8E7FDE321FF3F24D004880F8;
			remoteInfo = MyPlaces;
		};
/* End PBXContainerItemProxy section */

/* Begin PBXFileReference section */
		02D72E4194D1089FA11FB8E3 /* Pods_MyPlaces.framework */ = {isa = PBXFileReference; explicitFileType = wrapper.framework; includeInIndex = 0; path = Pods_MyPlaces.framework; sourceTree = BUILT_PRODUCTS_DIR; };
		155ACEB73835DA4BD48D5B5B /* Pods-MyPlaces.debug.xcconfig */ = {isa = PBXFileReference; includeInIndex = 1; lastKnownFileType = text.xcconfig; name = "Pods-MyPlaces.debug.xcconfig"; path = "Pods/Target Support Files/Pods-MyPlaces/Pods-MyPlaces.debug.xcconfig"; sourceTree = "<group>"; };
		20EC3172ECF056F0963E78F2 /* Pods-MyPlacesUITests.debug.xcconfig */ = {isa = PBXFileReference; includeInIndex = 1; lastKnownFileType = text.xcconfig; name = "Pods-MyPlacesUITests.debug.xcconfig"; path = "Pods/Target Support Files/Pods-MyPlacesUITests/Pods-MyPlacesUITests.debug.xcconfig"; sourceTree = "<group>"; };
		3DA5FDC52D202D07D69920F7 /* Pods-MyPlacesTests.release.xcconfig */ = {isa = PBXFileReference; includeInIndex = 1; lastKnownFileType = text.xcconfig; name = "Pods-MyPlacesTests.release.xcconfig"; path = "Pods/Target Support Files/Pods-MyPlacesTests/Pods-MyPlacesTests.release.xcconfig"; sourceTree = "<group>"; };
		51C4E7B58D25B549A59BEC2B /* Pods-MyPlacesTests.debug.xcconfig */ = {isa = PBXFileReference; includeInIndex = 1; lastKnownFileType = text.xcconfig; name = "Pods-MyPlacesTests.debug.xcconfig"; path = "Pods/Target Support Files/Pods-MyPlacesTests/Pods-MyPlacesTests.debug.xcconfig"; sourceTree = "<group>"; };
		7D979CBEC52C42A678968154 /* Pods-MyPlaces.release.xcconfig */ = {isa = PBXFileReference; includeInIndex = 1; lastKnownFileType = text.xcconfig; name = "Pods-MyPlaces.release.xcconfig"; path = "Pods/Target Support Files/Pods-MyPlaces/Pods-MyPlaces.release.xcconfig"; sourceTree = "<group>"; };
		8E27AD421FF46973002D61AB /* PlaceDetailViewController.swift */ = {isa = PBXFileReference; lastKnownFileType = sourcecode.swift; path = PlaceDetailViewController.swift; sourceTree = "<group>"; };
		8E7FDE331FF3F24D004880F8 /* MyPlaces.app */ = {isa = PBXFileReference; explicitFileType = wrapper.application; includeInIndex = 0; path = MyPlaces.app; sourceTree = BUILT_PRODUCTS_DIR; };
		8E7FDE361FF3F24D004880F8 /* AppDelegate.swift */ = {isa = PBXFileReference; lastKnownFileType = sourcecode.swift; path = AppDelegate.swift; sourceTree = "<group>"; };
		8E7FDE381FF3F24D004880F8 /* PlacesListViewController.swift */ = {isa = PBXFileReference; lastKnownFileType = sourcecode.swift; path = PlacesListViewController.swift; sourceTree = "<group>"; };
		8E7FDE3B1FF3F24D004880F8 /* Base */ = {isa = PBXFileReference; lastKnownFileType = file.storyboard; name = Base; path = Base.lproj/Main.storyboard; sourceTree = "<group>"; };
		8E7FDE3E1FF3F24D004880F8 /* MyPlaces.xcdatamodel */ = {isa = PBXFileReference; lastKnownFileType = wrapper.xcdatamodel; path = MyPlaces.xcdatamodel; sourceTree = "<group>"; };
		8E7FDE401FF3F24D004880F8 /* Assets.xcassets */ = {isa = PBXFileReference; lastKnownFileType = folder.assetcatalog; path = Assets.xcassets; sourceTree = "<group>"; };
		8E7FDE431FF3F24D004880F8 /* Base */ = {isa = PBXFileReference; lastKnownFileType = file.storyboard; name = Base; path = Base.lproj/LaunchScreen.storyboard; sourceTree = "<group>"; };
		8E7FDE451FF3F24D004880F8 /* Info.plist */ = {isa = PBXFileReference; lastKnownFileType = text.plist.xml; path = Info.plist; sourceTree = "<group>"; };
		8E7FDE4A1FF3F24D004880F8 /* MyPlacesTests.xctest */ = {isa = PBXFileReference; explicitFileType = wrapper.cfbundle; includeInIndex = 0; path = MyPlacesTests.xctest; sourceTree = BUILT_PRODUCTS_DIR; };
		8E7FDE4E1FF3F24D004880F8 /* MyPlacesTests.swift */ = {isa = PBXFileReference; lastKnownFileType = sourcecode.swift; path = MyPlacesTests.swift; sourceTree = "<group>"; };
		8E7FDE501FF3F24D004880F8 /* Info.plist */ = {isa = PBXFileReference; lastKnownFileType = text.plist.xml; path = Info.plist; sourceTree = "<group>"; };
		8E7FDE551FF3F24D004880F8 /* MyPlacesUITests.xctest */ = {isa = PBXFileReference; explicitFileType = wrapper.cfbundle; includeInIndex = 0; path = MyPlacesUITests.xctest; sourceTree = BUILT_PRODUCTS_DIR; };
		8E7FDE591FF3F24D004880F8 /* MyPlacesUITests.swift */ = {isa = PBXFileReference; lastKnownFileType = sourcecode.swift; path = MyPlacesUITests.swift; sourceTree = "<group>"; };
		8E7FDE5B1FF3F24D004880F8 /* Info.plist */ = {isa = PBXFileReference; lastKnownFileType = text.plist.xml; path = Info.plist; sourceTree = "<group>"; };
		8E7FDE671FF3FDCA004880F8 /* PlaceCell.swift */ = {isa = PBXFileReference; lastKnownFileType = sourcecode.swift; path = PlaceCell.swift; sourceTree = "<group>"; };
		8E7FDE681FF3FDCA004880F8 /* PlaceCell.xib */ = {isa = PBXFileReference; lastKnownFileType = file.xib; path = PlaceCell.xib; sourceTree = "<group>"; };
		8E7FDE6B1FF40209004880F8 /* Place.swift */ = {isa = PBXFileReference; lastKnownFileType = sourcecode.swift; path = Place.swift; sourceTree = "<group>"; };
		8E85E0E71FF6D09C0025A3B1 /* MapViewController.swift */ = {isa = PBXFileReference; lastKnownFileType = sourcecode.swift; path = MapViewController.swift; sourceTree = "<group>"; };
		8E85E0EA1FF6D48D0025A3B1 /* MarkerView.swift */ = {isa = PBXFileReference; lastKnownFileType = sourcecode.swift; path = MarkerView.swift; sourceTree = "<group>"; };
		8E85E0EC1FF6D5140025A3B1 /* MarkerView.xib */ = {isa = PBXFileReference; lastKnownFileType = file.xib; path = MarkerView.xib; sourceTree = "<group>"; };
		93E8148D3EBC8CEA0666889B /* Pods_MyPlacesTests.framework */ = {isa = PBXFileReference; explicitFileType = wrapper.framework; includeInIndex = 0; path = Pods_MyPlacesTests.framework; sourceTree = BUILT_PRODUCTS_DIR; };
		E97F47B617FA9FCC5EEFE8B3 /* Pods_MyPlacesUITests.framework */ = {isa = PBXFileReference; explicitFileType = wrapper.framework; includeInIndex = 0; path = Pods_MyPlacesUITests.framework; sourceTree = BUILT_PRODUCTS_DIR; };
		F6308C2C123C244DDB119264 /* Pods-MyPlacesUITests.release.xcconfig */ = {isa = PBXFileReference; includeInIndex = 1; lastKnownFileType = text.xcconfig; name = "Pods-MyPlacesUITests.release.xcconfig"; path = "Pods/Target Support Files/Pods-MyPlacesUITests/Pods-MyPlacesUITests.release.xcconfig"; sourceTree = "<group>"; };
/* End PBXFileReference section */

/* Begin PBXFrameworksBuildPhase section */
		8E7FDE301FF3F24D004880F8 /* Frameworks */ = {
			isa = PBXFrameworksBuildPhase;
			buildActionMask = 2147483647;
			files = (
				C91F10DE994E825B1F82A5C0 /* Pods_MyPlaces.framework in Frameworks */,
			);
			runOnlyForDeploymentPostprocessing = 0;
		};
		8E7FDE471FF3F24D004880F8 /* Frameworks */ = {
			isa = PBXFrameworksBuildPhase;
			buildActionMask = 2147483647;
			files = (
				CE8BF2B5DFB2AC556E61F261 /* Pods_MyPlacesTests.framework in Frameworks */,
			);
			runOnlyForDeploymentPostprocessing = 0;
		};
		8E7FDE521FF3F24D004880F8 /* Frameworks */ = {
			isa = PBXFrameworksBuildPhase;
			buildActionMask = 2147483647;
			files = (
				7C6E127AB111285019D34649 /* Pods_MyPlacesUITests.framework in Frameworks */,
			);
			runOnlyForDeploymentPostprocessing = 0;
		};
/* End PBXFrameworksBuildPhase section */

/* Begin PBXGroup section */
		3CC7CC6779E78707E9918085 /* Frameworks */ = {
			isa = PBXGroup;
			children = (
				02D72E4194D1089FA11FB8E3 /* Pods_MyPlaces.framework */,
				93E8148D3EBC8CEA0666889B /* Pods_MyPlacesTests.framework */,
				E97F47B617FA9FCC5EEFE8B3 /* Pods_MyPlacesUITests.framework */,
			);
			name = Frameworks;
			sourceTree = "<group>";
		};
		8E7FDE2A1FF3F24D004880F8 = {
			isa = PBXGroup;
			children = (
				8E7FDE351FF3F24D004880F8 /* MyPlaces */,
				8E7FDE4D1FF3F24D004880F8 /* MyPlacesTests */,
				8E7FDE581FF3F24D004880F8 /* MyPlacesUITests */,
				8E7FDE341FF3F24D004880F8 /* Products */,
				B36194C7CB0368DD3FD0E22E /* Pods */,
				3CC7CC6779E78707E9918085 /* Frameworks */,
			);
			indentWidth = 2;
			sourceTree = "<group>";
			tabWidth = 2;
		};
		8E7FDE341FF3F24D004880F8 /* Products */ = {
			isa = PBXGroup;
			children = (
				8E7FDE331FF3F24D004880F8 /* MyPlaces.app */,
				8E7FDE4A1FF3F24D004880F8 /* MyPlacesTests.xctest */,
				8E7FDE551FF3F24D004880F8 /* MyPlacesUITests.xctest */,
			);
			name = Products;
			sourceTree = "<group>";
		};
		8E7FDE351FF3F24D004880F8 /* MyPlaces */ = {
			isa = PBXGroup;
			children = (
				8E85E0E91FF6D4350025A3B1 /* MarkerView */,
				8E7FDE6D1FF40907004880F8 /* PlaceCell */,
				8E7FDE361FF3F24D004880F8 /* AppDelegate.swift */,
				8E7FDE381FF3F24D004880F8 /* PlacesListViewController.swift */,
				8E7FDE3A1FF3F24D004880F8 /* Main.storyboard */,
				8E7FDE401FF3F24D004880F8 /* Assets.xcassets */,
				8E7FDE421FF3F24D004880F8 /* LaunchScreen.storyboard */,
				8E7FDE451FF3F24D004880F8 /* Info.plist */,
				8E7FDE3D1FF3F24D004880F8 /* MyPlaces.xcdatamodeld */,
				8E7FDE6B1FF40209004880F8 /* Place.swift */,
				8E27AD421FF46973002D61AB /* PlaceDetailViewController.swift */,
				8E85E0E71FF6D09C0025A3B1 /* MapViewController.swift */,
			);
			path = MyPlaces;
			sourceTree = "<group>";
		};
		8E7FDE4D1FF3F24D004880F8 /* MyPlacesTests */ = {
			isa = PBXGroup;
			children = (
				8E7FDE4E1FF3F24D004880F8 /* MyPlacesTests.swift */,
				8E7FDE501FF3F24D004880F8 /* Info.plist */,
			);
			path = MyPlacesTests;
			sourceTree = "<group>";
		};
		8E7FDE581FF3F24D004880F8 /* MyPlacesUITests */ = {
			isa = PBXGroup;
			children = (
				8E7FDE591FF3F24D004880F8 /* MyPlacesUITests.swift */,
				8E7FDE5B1FF3F24D004880F8 /* Info.plist */,
			);
			path = MyPlacesUITests;
			sourceTree = "<group>";
		};
		8E7FDE6D1FF40907004880F8 /* PlaceCell */ = {
			isa = PBXGroup;
			children = (
				8E7FDE671FF3FDCA004880F8 /* PlaceCell.swift */,
				8E7FDE681FF3FDCA004880F8 /* PlaceCell.xib */,
			);
			path = PlaceCell;
			sourceTree = "<group>";
		};
		8E85E0E91FF6D4350025A3B1 /* MarkerView */ = {
			isa = PBXGroup;
			children = (
				8E85E0EA1FF6D48D0025A3B1 /* MarkerView.swift */,
				8E85E0EC1FF6D5140025A3B1 /* MarkerView.xib */,
			);
			path = MarkerView;
			sourceTree = "<group>";
		};
		B36194C7CB0368DD3FD0E22E /* Pods */ = {
			isa = PBXGroup;
			children = (
				155ACEB73835DA4BD48D5B5B /* Pods-MyPlaces.debug.xcconfig */,
				7D979CBEC52C42A678968154 /* Pods-MyPlaces.release.xcconfig */,
				51C4E7B58D25B549A59BEC2B /* Pods-MyPlacesTests.debug.xcconfig */,
				3DA5FDC52D202D07D69920F7 /* Pods-MyPlacesTests.release.xcconfig */,
				20EC3172ECF056F0963E78F2 /* Pods-MyPlacesUITests.debug.xcconfig */,
				F6308C2C123C244DDB119264 /* Pods-MyPlacesUITests.release.xcconfig */,
			);
			name = Pods;
			sourceTree = "<group>";
		};
/* End PBXGroup section */

/* Begin PBXNativeTarget section */
		8E7FDE321FF3F24D004880F8 /* MyPlaces */ = {
			isa = PBXNativeTarget;
			buildConfigurationList = 8E7FDE5E1FF3F24D004880F8 /* Build configuration list for PBXNativeTarget "MyPlaces" */;
			buildPhases = (
				9C06F7D573F98759CB5A4E4A /* [CP] Check Pods Manifest.lock */,
				8E7FDE2F1FF3F24D004880F8 /* Sources */,
				8E7FDE301FF3F24D004880F8 /* Frameworks */,
				8E7FDE311FF3F24D004880F8 /* Resources */,
				F0D5E88370402255B874A45D /* [CP] Embed Pods Frameworks */,
				F44F38101DF2CE2E8CD2DA0F /* [CP] Copy Pods Resources */,
			);
			buildRules = (
			);
			dependencies = (
			);
			name = MyPlaces;
			productName = MyPlaces;
			productReference = 8E7FDE331FF3F24D004880F8 /* MyPlaces.app */;
			productType = "com.apple.product-type.application";
		};
		8E7FDE491FF3F24D004880F8 /* MyPlacesTests */ = {
			isa = PBXNativeTarget;
			buildConfigurationList = 8E7FDE611FF3F24D004880F8 /* Build configuration list for PBXNativeTarget "MyPlacesTests" */;
			buildPhases = (
				469E6C8BE8362AF2567ABDAD /* [CP] Check Pods Manifest.lock */,
				8E7FDE461FF3F24D004880F8 /* Sources */,
				8E7FDE471FF3F24D004880F8 /* Frameworks */,
				8E7FDE481FF3F24D004880F8 /* Resources */,
				56E9EA7CC6CCDE32C7A2A000 /* [CP] Embed Pods Frameworks */,
				F90477BEF0C0BEE7541260DE /* [CP] Copy Pods Resources */,
			);
			buildRules = (
			);
			dependencies = (
				8E7FDE4C1FF3F24D004880F8 /* PBXTargetDependency */,
			);
			name = MyPlacesTests;
			productName = MyPlacesTests;
			productReference = 8E7FDE4A1FF3F24D004880F8 /* MyPlacesTests.xctest */;
			productType = "com.apple.product-type.bundle.unit-test";
		};
		8E7FDE541FF3F24D004880F8 /* MyPlacesUITests */ = {
			isa = PBXNativeTarget;
			buildConfigurationList = 8E7FDE641FF3F24D004880F8 /* Build configuration list for PBXNativeTarget "MyPlacesUITests" */;
			buildPhases = (
				C3BEF10CC54CBD1817311460 /* [CP] Check Pods Manifest.lock */,
				8E7FDE511FF3F24D004880F8 /* Sources */,
				8E7FDE521FF3F24D004880F8 /* Frameworks */,
				8E7FDE531FF3F24D004880F8 /* Resources */,
				911ECAFD21CD017E6C0C627C /* [CP] Embed Pods Frameworks */,
				2FFBDBCB9ABB4FFB463B7E59 /* [CP] Copy Pods Resources */,
			);
			buildRules = (
			);
			dependencies = (
				8E7FDE571FF3F24D004880F8 /* PBXTargetDependency */,
			);
			name = MyPlacesUITests;
			productName = MyPlacesUITests;
			productReference = 8E7FDE551FF3F24D004880F8 /* MyPlacesUITests.xctest */;
			productType = "com.apple.product-type.bundle.ui-testing";
		};
/* End PBXNativeTarget section */

/* Begin PBXProject section */
		8E7FDE2B1FF3F24D004880F8 /* Project object */ = {
			isa = PBXProject;
			attributes = {
				LastSwiftUpdateCheck = 0920;
				LastUpgradeCheck = 0920;
				ORGANIZATIONNAME = "Łukasz Miłaszewski";
				TargetAttributes = {
					8E7FDE321FF3F24D004880F8 = {
						CreatedOnToolsVersion = 9.2;
						ProvisioningStyle = Automatic;
					};
					8E7FDE491FF3F24D004880F8 = {
						CreatedOnToolsVersion = 9.2;
						ProvisioningStyle = Automatic;
						TestTargetID = 8E7FDE321FF3F24D004880F8;
					};
					8E7FDE541FF3F24D004880F8 = {
						CreatedOnToolsVersion = 9.2;
						ProvisioningStyle = Automatic;
						TestTargetID = 8E7FDE321FF3F24D004880F8;
					};
				};
			};
			buildConfigurationList = 8E7FDE2E1FF3F24D004880F8 /* Build configuration list for PBXProject "MyPlaces" */;
			compatibilityVersion = "Xcode 8.0";
			developmentRegion = en;
			hasScannedForEncodings = 0;
			knownRegions = (
				en,
				Base,
			);
			mainGroup = 8E7FDE2A1FF3F24D004880F8;
			productRefGroup = 8E7FDE341FF3F24D004880F8 /* Products */;
			projectDirPath = "";
			projectRoot = "";
			targets = (
				8E7FDE321FF3F24D004880F8 /* MyPlaces */,
				8E7FDE491FF3F24D004880F8 /* MyPlacesTests */,
				8E7FDE541FF3F24D004880F8 /* MyPlacesUITests */,
			);
		};
/* End PBXProject section */

/* Begin PBXResourcesBuildPhase section */
		8E7FDE311FF3F24D004880F8 /* Resources */ = {
			isa = PBXResourcesBuildPhase;
			buildActionMask = 2147483647;
			files = (
				8E85E0ED1FF6D5140025A3B1 /* MarkerView.xib in Resources */,
				8E7FDE441FF3F24D004880F8 /* LaunchScreen.storyboard in Resources */,
				8E7FDE411FF3F24D004880F8 /* Assets.xcassets in Resources */,
				8E7FDE3C1FF3F24D004880F8 /* Main.storyboard in Resources */,
				8E7FDE6A1FF3FDCA004880F8 /* PlaceCell.xib in Resources */,
			);
			runOnlyForDeploymentPostprocessing = 0;
		};
		8E7FDE481FF3F24D004880F8 /* Resources */ = {
			isa = PBXResourcesBuildPhase;
			buildActionMask = 2147483647;
			files = (
			);
			runOnlyForDeploymentPostprocessing = 0;
		};
		8E7FDE531FF3F24D004880F8 /* Resources */ = {
			isa = PBXResourcesBuildPhase;
			buildActionMask = 2147483647;
			files = (
			);
			runOnlyForDeploymentPostprocessing = 0;
		};
/* End PBXResourcesBuildPhase section */

/* Begin PBXShellScriptBuildPhase section */
		2FFBDBCB9ABB4FFB463B7E59 /* [CP] Copy Pods Resources */ = {
			isa = PBXShellScriptBuildPhase;
			buildActionMask = 2147483647;
			files = (
			);
			inputPaths = (
			);
			name = "[CP] Copy Pods Resources";
			outputPaths = (
			);
			runOnlyForDeploymentPostprocessing = 0;
			shellPath = /bin/sh;
			shellScript = "\"${SRCROOT}/Pods/Target Support Files/Pods-MyPlacesUITests/Pods-MyPlacesUITests-resources.sh\"\n";
			showEnvVarsInLog = 0;
		};
		469E6C8BE8362AF2567ABDAD /* [CP] Check Pods Manifest.lock */ = {
			isa = PBXShellScriptBuildPhase;
			buildActionMask = 2147483647;
			files = (
			);
			inputPaths = (
				"${PODS_PODFILE_DIR_PATH}/Podfile.lock",
				"${PODS_ROOT}/Manifest.lock",
			);
			name = "[CP] Check Pods Manifest.lock";
			outputPaths = (
				"$(DERIVED_FILE_DIR)/Pods-MyPlacesTests-checkManifestLockResult.txt",
			);
			runOnlyForDeploymentPostprocessing = 0;
			shellPath = /bin/sh;
			shellScript = "diff \"${PODS_PODFILE_DIR_PATH}/Podfile.lock\" \"${PODS_ROOT}/Manifest.lock\" > /dev/null\nif [ $? != 0 ] ; then\n    # print error to STDERR\n    echo \"error: The sandbox is not in sync with the Podfile.lock. Run 'pod install' or update your CocoaPods installation.\" >&2\n    exit 1\nfi\n# This output is used by Xcode 'outputs' to avoid re-running this script phase.\necho \"SUCCESS\" > \"${SCRIPT_OUTPUT_FILE_0}\"\n";
			showEnvVarsInLog = 0;
		};
		56E9EA7CC6CCDE32C7A2A000 /* [CP] Embed Pods Frameworks */ = {
			isa = PBXShellScriptBuildPhase;
			buildActionMask = 2147483647;
			files = (
			);
			inputPaths = (
			);
			name = "[CP] Embed Pods Frameworks";
			outputPaths = (
			);
			runOnlyForDeploymentPostprocessing = 0;
			shellPath = /bin/sh;
			shellScript = "\"${SRCROOT}/Pods/Target Support Files/Pods-MyPlacesTests/Pods-MyPlacesTests-frameworks.sh\"\n";
			showEnvVarsInLog = 0;
		};
		911ECAFD21CD017E6C0C627C /* [CP] Embed Pods Frameworks */ = {
			isa = PBXShellScriptBuildPhase;
			buildActionMask = 2147483647;
			files = (
			);
			inputPaths = (
			);
			name = "[CP] Embed Pods Frameworks";
			outputPaths = (
			);
			runOnlyForDeploymentPostprocessing = 0;
			shellPath = /bin/sh;
			shellScript = "\"${SRCROOT}/Pods/Target Support Files/Pods-MyPlacesUITests/Pods-MyPlacesUITests-frameworks.sh\"\n";
			showEnvVarsInLog = 0;
		};
		9C06F7D573F98759CB5A4E4A /* [CP] Check Pods Manifest.lock */ = {
			isa = PBXShellScriptBuildPhase;
			buildActionMask = 2147483647;
			files = (
			);
			inputPaths = (
				"${PODS_PODFILE_DIR_PATH}/Podfile.lock",
				"${PODS_ROOT}/Manifest.lock",
			);
			name = "[CP] Check Pods Manifest.lock";
			outputPaths = (
				"$(DERIVED_FILE_DIR)/Pods-MyPlaces-checkManifestLockResult.txt",
			);
			runOnlyForDeploymentPostprocessing = 0;
			shellPath = /bin/sh;
			shellScript = "diff \"${PODS_PODFILE_DIR_PATH}/Podfile.lock\" \"${PODS_ROOT}/Manifest.lock\" > /dev/null\nif [ $? != 0 ] ; then\n    # print error to STDERR\n    echo \"error: The sandbox is not in sync with the Podfile.lock. Run 'pod install' or update your CocoaPods installation.\" >&2\n    exit 1\nfi\n# This output is used by Xcode 'outputs' to avoid re-running this script phase.\necho \"SUCCESS\" > \"${SCRIPT_OUTPUT_FILE_0}\"\n";
			showEnvVarsInLog = 0;
		};
		C3BEF10CC54CBD1817311460 /* [CP] Check Pods Manifest.lock */ = {
			isa = PBXShellScriptBuildPhase;
			buildActionMask = 2147483647;
			files = (
			);
			inputPaths = (
				"${PODS_PODFILE_DIR_PATH}/Podfile.lock",
				"${PODS_ROOT}/Manifest.lock",
			);
			name = "[CP] Check Pods Manifest.lock";
			outputPaths = (
				"$(DERIVED_FILE_DIR)/Pods-MyPlacesUITests-checkManifestLockResult.txt",
			);
			runOnlyForDeploymentPostprocessing = 0;
			shellPath = /bin/sh;
			shellScript = "diff \"${PODS_PODFILE_DIR_PATH}/Podfile.lock\" \"${PODS_ROOT}/Manifest.lock\" > /dev/null\nif [ $? != 0 ] ; then\n    # print error to STDERR\n    echo \"error: The sandbox is not in sync with the Podfile.lock. Run 'pod install' or update your CocoaPods installation.\" >&2\n    exit 1\nfi\n# This output is used by Xcode 'outputs' to avoid re-running this script phase.\necho \"SUCCESS\" > \"${SCRIPT_OUTPUT_FILE_0}\"\n";
			showEnvVarsInLog = 0;
		};
		F0D5E88370402255B874A45D /* [CP] Embed Pods Frameworks */ = {
			isa = PBXShellScriptBuildPhase;
			buildActionMask = 2147483647;
			files = (
			);
			inputPaths = (
				"${SRCROOT}/Pods/Target Support Files/Pods-MyPlaces/Pods-MyPlaces-frameworks.sh",
				"${BUILT_PRODUCTS_DIR}/Dropdowns/Dropdowns.framework",
				"${BUILT_PRODUCTS_DIR}/Realm/Realm.framework",
				"${BUILT_PRODUCTS_DIR}/RealmSwift/RealmSwift.framework",
			);
			name = "[CP] Embed Pods Frameworks";
			outputPaths = (
				"${TARGET_BUILD_DIR}/${FRAMEWORKS_FOLDER_PATH}/Dropdowns.framework",
				"${TARGET_BUILD_DIR}/${FRAMEWORKS_FOLDER_PATH}/Realm.framework",
				"${TARGET_BUILD_DIR}/${FRAMEWORKS_FOLDER_PATH}/RealmSwift.framework",
			);
			runOnlyForDeploymentPostprocessing = 0;
			shellPath = /bin/sh;
			shellScript = "\"${SRCROOT}/Pods/Target Support Files/Pods-MyPlaces/Pods-MyPlaces-frameworks.sh\"\n";
			showEnvVarsInLog = 0;
		};
		F44F38101DF2CE2E8CD2DA0F /* [CP] Copy Pods Resources */ = {
			isa = PBXShellScriptBuildPhase;
			buildActionMask = 2147483647;
			files = (
			);
			inputPaths = (
				"${SRCROOT}/Pods/Target Support Files/Pods-MyPlaces/Pods-MyPlaces-resources.sh",
				"${PODS_ROOT}/GoogleMaps/Maps/Frameworks/GoogleMaps.framework/Resources/GoogleMaps.bundle",
			);
			name = "[CP] Copy Pods Resources";
			outputPaths = (
				"${TARGET_BUILD_DIR}/${UNLOCALIZED_RESOURCES_FOLDER_PATH}/GoogleMaps.bundle",
			);
			runOnlyForDeploymentPostprocessing = 0;
			shellPath = /bin/sh;
			shellScript = "\"${SRCROOT}/Pods/Target Support Files/Pods-MyPlaces/Pods-MyPlaces-resources.sh\"\n";
			showEnvVarsInLog = 0;
		};
		F90477BEF0C0BEE7541260DE /* [CP] Copy Pods Resources */ = {
			isa = PBXShellScriptBuildPhase;
			buildActionMask = 2147483647;
			files = (
			);
			inputPaths = (
			);
			name = "[CP] Copy Pods Resources";
			outputPaths = (
			);
			runOnlyForDeploymentPostprocessing = 0;
			shellPath = /bin/sh;
			shellScript = "\"${SRCROOT}/Pods/Target Support Files/Pods-MyPlacesTests/Pods-MyPlacesTests-resources.sh\"\n";
			showEnvVarsInLog = 0;
		};
/* End PBXShellScriptBuildPhase section */

/* Begin PBXSourcesBuildPhase section */
		8E7FDE2F1FF3F24D004880F8 /* Sources */ = {
			isa = PBXSourcesBuildPhase;
			buildActionMask = 2147483647;
			files = (
				8E85E0EB1FF6D48D0025A3B1 /* MarkerView.swift in Sources */,
				8E7FDE391FF3F24D004880F8 /* PlacesListViewController.swift in Sources */,
				8E7FDE3F1FF3F24D004880F8 /* MyPlaces.xcdatamodeld in Sources */,
				8E7FDE371FF3F24D004880F8 /* AppDelegate.swift in Sources */,
				8E27AD431FF46973002D61AB /* PlaceDetailViewController.swift in Sources */,
				8E85E0E81FF6D09C0025A3B1 /* MapViewController.swift in Sources */,
				8E7FDE691FF3FDCA004880F8 /* PlaceCell.swift in Sources */,
				8E7FDE6C1FF40209004880F8 /* Place.swift in Sources */,
			);
			runOnlyForDeploymentPostprocessing = 0;
		};
		8E7FDE461FF3F24D004880F8 /* Sources */ = {
			isa = PBXSourcesBuildPhase;
			buildActionMask = 2147483647;
			files = (
				8E7FDE4F1FF3F24D004880F8 /* MyPlacesTests.swift in Sources */,
			);
			runOnlyForDeploymentPostprocessing = 0;
		};
		8E7FDE511FF3F24D004880F8 /* Sources */ = {
			isa = PBXSourcesBuildPhase;
			buildActionMask = 2147483647;
			files = (
				8E7FDE5A1FF3F24D004880F8 /* MyPlacesUITests.swift in Sources */,
			);
			runOnlyForDeploymentPostprocessing = 0;
		};
/* End PBXSourcesBuildPhase section */

/* Begin PBXTargetDependency section */
		8E7FDE4C1FF3F24D004880F8 /* PBXTargetDependency */ = {
			isa = PBXTargetDependency;
			target = 8E7FDE321FF3F24D004880F8 /* MyPlaces */;
			targetProxy = 8E7FDE4B1FF3F24D004880F8 /* PBXContainerItemProxy */;
		};
		8E7FDE571FF3F24D004880F8 /* PBXTargetDependency */ = {
			isa = PBXTargetDependency;
			target = 8E7FDE321FF3F24D004880F8 /* MyPlaces */;
			targetProxy = 8E7FDE561FF3F24D004880F8 /* PBXContainerItemProxy */;
		};
/* End PBXTargetDependency section */

/* Begin PBXVariantGroup section */
		8E7FDE3A1FF3F24D004880F8 /* Main.storyboard */ = {
			isa = PBXVariantGroup;
			children = (
				8E7FDE3B1FF3F24D004880F8 /* Base */,
			);
			name = Main.storyboard;
			sourceTree = "<group>";
		};
		8E7FDE421FF3F24D004880F8 /* LaunchScreen.storyboard */ = {
			isa = PBXVariantGroup;
			children = (
				8E7FDE431FF3F24D004880F8 /* Base */,
			);
			name = LaunchScreen.storyboard;
			sourceTree = "<group>";
		};
/* End PBXVariantGroup section */

/* Begin XCBuildConfiguration section */
		8E7FDE5C1FF3F24D004880F8 /* Debug */ = {
			isa = XCBuildConfiguration;
			buildSettings = {
				ALWAYS_SEARCH_USER_PATHS = NO;
				CLANG_ANALYZER_NONNULL = YES;
				CLANG_ANALYZER_NUMBER_OBJECT_CONVERSION = YES_AGGRESSIVE;
				CLANG_CXX_LANGUAGE_STANDARD = "gnu++14";
				CLANG_CXX_LIBRARY = "libc++";
				CLANG_ENABLE_MODULES = YES;
				CLANG_ENABLE_OBJC_ARC = YES;
				CLANG_WARN_BLOCK_CAPTURE_AUTORELEASING = YES;
				CLANG_WARN_BOOL_CONVERSION = YES;
				CLANG_WARN_COMMA = YES;
				CLANG_WARN_CONSTANT_CONVERSION = YES;
				CLANG_WARN_DIRECT_OBJC_ISA_USAGE = YES_ERROR;
				CLANG_WARN_DOCUMENTATION_COMMENTS = YES;
				CLANG_WARN_EMPTY_BODY = YES;
				CLANG_WARN_ENUM_CONVERSION = YES;
				CLANG_WARN_INFINITE_RECURSION = YES;
				CLANG_WARN_INT_CONVERSION = YES;
				CLANG_WARN_NON_LITERAL_NULL_CONVERSION = YES;
				CLANG_WARN_OBJC_LITERAL_CONVERSION = YES;
				CLANG_WARN_OBJC_ROOT_CLASS = YES_ERROR;
				CLANG_WARN_RANGE_LOOP_ANALYSIS = YES;
				CLANG_WARN_STRICT_PROTOTYPES = YES;
				CLANG_WARN_SUSPICIOUS_MOVE = YES;
				CLANG_WARN_UNGUARDED_AVAILABILITY = YES_AGGRESSIVE;
				CLANG_WARN_UNREACHABLE_CODE = YES;
				CLANG_WARN__DUPLICATE_METHOD_MATCH = YES;
				CODE_SIGN_IDENTITY = "iPhone Developer";
				COPY_PHASE_STRIP = NO;
				DEBUG_INFORMATION_FORMAT = dwarf;
				ENABLE_STRICT_OBJC_MSGSEND = YES;
				ENABLE_TESTABILITY = YES;
				GCC_C_LANGUAGE_STANDARD = gnu11;
				GCC_DYNAMIC_NO_PIC = NO;
				GCC_NO_COMMON_BLOCKS = YES;
				GCC_OPTIMIZATION_LEVEL = 0;
				GCC_PREPROCESSOR_DEFINITIONS = (
					"DEBUG=1",
					"$(inherited)",
				);
				GCC_WARN_64_TO_32_BIT_CONVERSION = YES;
				GCC_WARN_ABOUT_RETURN_TYPE = YES_ERROR;
				GCC_WARN_UNDECLARED_SELECTOR = YES;
				GCC_WARN_UNINITIALIZED_AUTOS = YES_AGGRESSIVE;
				GCC_WARN_UNUSED_FUNCTION = YES;
				GCC_WARN_UNUSED_VARIABLE = YES;
				IPHONEOS_DEPLOYMENT_TARGET = 11.2;
				MTL_ENABLE_DEBUG_INFO = YES;
				ONLY_ACTIVE_ARCH = YES;
				SDKROOT = iphoneos;
				SWIFT_ACTIVE_COMPILATION_CONDITIONS = DEBUG;
				SWIFT_OPTIMIZATION_LEVEL = "-Onone";
			};
			name = Debug;
		};
		8E7FDE5D1FF3F24D004880F8 /* Release */ = {
			isa = XCBuildConfiguration;
			buildSettings = {
				ALWAYS_SEARCH_USER_PATHS = NO;
				CLANG_ANALYZER_NONNULL = YES;
				CLANG_ANALYZER_NUMBER_OBJECT_CONVERSION = YES_AGGRESSIVE;
				CLANG_CXX_LANGUAGE_STANDARD = "gnu++14";
				CLANG_CXX_LIBRARY = "libc++";
				CLANG_ENABLE_MODULES = YES;
				CLANG_ENABLE_OBJC_ARC = YES;
				CLANG_WARN_BLOCK_CAPTURE_AUTORELEASING = YES;
				CLANG_WARN_BOOL_CONVERSION = YES;
				CLANG_WARN_COMMA = YES;
				CLANG_WARN_CONSTANT_CONVERSION = YES;
				CLANG_WARN_DIRECT_OBJC_ISA_USAGE = YES_ERROR;
				CLANG_WARN_DOCUMENTATION_COMMENTS = YES;
				CLANG_WARN_EMPTY_BODY = YES;
				CLANG_WARN_ENUM_CONVERSION = YES;
				CLANG_WARN_INFINITE_RECURSION = YES;
				CLANG_WARN_INT_CONVERSION = YES;
				CLANG_WARN_NON_LITERAL_NULL_CONVERSION = YES;
				CLANG_WARN_OBJC_LITERAL_CONVERSION = YES;
				CLANG_WARN_OBJC_ROOT_CLASS = YES_ERROR;
				CLANG_WARN_RANGE_LOOP_ANALYSIS = YES;
				CLANG_WARN_STRICT_PROTOTYPES = YES;
				CLANG_WARN_SUSPICIOUS_MOVE = YES;
				CLANG_WARN_UNGUARDED_AVAILABILITY = YES_AGGRESSIVE;
				CLANG_WARN_UNREACHABLE_CODE = YES;
				CLANG_WARN__DUPLICATE_METHOD_MATCH = YES;
				CODE_SIGN_IDENTITY = "iPhone Developer";
				COPY_PHASE_STRIP = NO;
				DEBUG_INFORMATION_FORMAT = "dwarf-with-dsym";
				ENABLE_NS_ASSERTIONS = NO;
				ENABLE_STRICT_OBJC_MSGSEND = YES;
				GCC_C_LANGUAGE_STANDARD = gnu11;
				GCC_NO_COMMON_BLOCKS = YES;
				GCC_WARN_64_TO_32_BIT_CONVERSION = YES;
				GCC_WARN_ABOUT_RETURN_TYPE = YES_ERROR;
				GCC_WARN_UNDECLARED_SELECTOR = YES;
				GCC_WARN_UNINITIALIZED_AUTOS = YES_AGGRESSIVE;
				GCC_WARN_UNUSED_FUNCTION = YES;
				GCC_WARN_UNUSED_VARIABLE = YES;
				IPHONEOS_DEPLOYMENT_TARGET = 11.2;
				MTL_ENABLE_DEBUG_INFO = NO;
				SDKROOT = iphoneos;
				SWIFT_OPTIMIZATION_LEVEL = "-Owholemodule";
				VALIDATE_PRODUCT = YES;
			};
			name = Release;
		};
		8E7FDE5F1FF3F24D004880F8 /* Debug */ = {
			isa = XCBuildConfiguration;
			baseConfigurationReference = 155ACEB73835DA4BD48D5B5B /* Pods-MyPlaces.debug.xcconfig */;
			buildSettings = {
				ASSETCATALOG_COMPILER_APPICON_NAME = AppIcon;
				CODE_SIGN_STYLE = Automatic;
				DEVELOPMENT_TEAM = VAAW96P2HT;
				INFOPLIST_FILE = MyPlaces/Info.plist;
				LD_RUNPATH_SEARCH_PATHS = "$(inherited) @executable_path/Frameworks";
				PRODUCT_BUNDLE_IDENTIFIER = LukaszMilaszewski.MyPlaces;
				PRODUCT_NAME = "$(TARGET_NAME)";
				SWIFT_VERSION = 4.0;
				TARGETED_DEVICE_FAMILY = "1,2";
			};
			name = Debug;
		};
		8E7FDE601FF3F24D004880F8 /* Release */ = {
			isa = XCBuildConfiguration;
			baseConfigurationReference = 7D979CBEC52C42A678968154 /* Pods-MyPlaces.release.xcconfig */;
			buildSettings = {
				ASSETCATALOG_COMPILER_APPICON_NAME = AppIcon;
				CODE_SIGN_STYLE = Automatic;
				DEVELOPMENT_TEAM = VAAW96P2HT;
				INFOPLIST_FILE = MyPlaces/Info.plist;
				LD_RUNPATH_SEARCH_PATHS = "$(inherited) @executable_path/Frameworks";
				PRODUCT_BUNDLE_IDENTIFIER = LukaszMilaszewski.MyPlaces;
				PRODUCT_NAME = "$(TARGET_NAME)";
				SWIFT_VERSION = 4.0;
				TARGETED_DEVICE_FAMILY = "1,2";
			};
			name = Release;
		};
		8E7FDE621FF3F24D004880F8 /* Debug */ = {
			isa = XCBuildConfiguration;
			baseConfigurationReference = 51C4E7B58D25B549A59BEC2B /* Pods-MyPlacesTests.debug.xcconfig */;
			buildSettings = {
				ALWAYS_EMBED_SWIFT_STANDARD_LIBRARIES = YES;
				BUNDLE_LOADER = "$(TEST_HOST)";
				CODE_SIGN_STYLE = Automatic;
				DEVELOPMENT_TEAM = VAAW96P2HT;
				INFOPLIST_FILE = MyPlacesTests/Info.plist;
				LD_RUNPATH_SEARCH_PATHS = "$(inherited) @executable_path/Frameworks @loader_path/Frameworks";
				PRODUCT_BUNDLE_IDENTIFIER = LukaszMilaszewski.MyPlacesTests;
				PRODUCT_NAME = "$(TARGET_NAME)";
				SWIFT_VERSION = 4.0;
				TARGETED_DEVICE_FAMILY = "1,2";
				TEST_HOST = "$(BUILT_PRODUCTS_DIR)/MyPlaces.app/MyPlaces";
			};
			name = Debug;
		};
		8E7FDE631FF3F24D004880F8 /* Release */ = {
			isa = XCBuildConfiguration;
			baseConfigurationReference = 3DA5FDC52D202D07D69920F7 /* Pods-MyPlacesTests.release.xcconfig */;
			buildSettings = {
				ALWAYS_EMBED_SWIFT_STANDARD_LIBRARIES = YES;
				BUNDLE_LOADER = "$(TEST_HOST)";
				CODE_SIGN_STYLE = Automatic;
				DEVELOPMENT_TEAM = VAAW96P2HT;
				INFOPLIST_FILE = MyPlacesTests/Info.plist;
				LD_RUNPATH_SEARCH_PATHS = "$(inherited) @executable_path/Frameworks @loader_path/Frameworks";
				PRODUCT_BUNDLE_IDENTIFIER = LukaszMilaszewski.MyPlacesTests;
				PRODUCT_NAME = "$(TARGET_NAME)";
				SWIFT_VERSION = 4.0;
				TARGETED_DEVICE_FAMILY = "1,2";
				TEST_HOST = "$(BUILT_PRODUCTS_DIR)/MyPlaces.app/MyPlaces";
			};
			name = Release;
		};
		8E7FDE651FF3F24D004880F8 /* Debug */ = {
			isa = XCBuildConfiguration;
			baseConfigurationReference = 20EC3172ECF056F0963E78F2 /* Pods-MyPlacesUITests.debug.xcconfig */;
			buildSettings = {
				ALWAYS_EMBED_SWIFT_STANDARD_LIBRARIES = YES;
				CODE_SIGN_STYLE = Automatic;
				DEVELOPMENT_TEAM = VAAW96P2HT;
				INFOPLIST_FILE = MyPlacesUITests/Info.plist;
				LD_RUNPATH_SEARCH_PATHS = "$(inherited) @executable_path/Frameworks @loader_path/Frameworks";
				PRODUCT_BUNDLE_IDENTIFIER = LukaszMilaszewski.MyPlacesUITests;
				PRODUCT_NAME = "$(TARGET_NAME)";
				SWIFT_VERSION = 4.0;
				TARGETED_DEVICE_FAMILY = "1,2";
				TEST_TARGET_NAME = MyPlaces;
			};
			name = Debug;
		};
		8E7FDE661FF3F24D004880F8 /* Release */ = {
			isa = XCBuildConfiguration;
			baseConfigurationReference = F6308C2C123C244DDB119264 /* Pods-MyPlacesUITests.release.xcconfig */;
			buildSettings = {
				ALWAYS_EMBED_SWIFT_STANDARD_LIBRARIES = YES;
				CODE_SIGN_STYLE = Automatic;
				DEVELOPMENT_TEAM = VAAW96P2HT;
				INFOPLIST_FILE = MyPlacesUITests/Info.plist;
				LD_RUNPATH_SEARCH_PATHS = "$(inherited) @executable_path/Frameworks @loader_path/Frameworks";
				PRODUCT_BUNDLE_IDENTIFIER = LukaszMilaszewski.MyPlacesUITests;
				PRODUCT_NAME = "$(TARGET_NAME)";
				SWIFT_VERSION = 4.0;
				TARGETED_DEVICE_FAMILY = "1,2";
				TEST_TARGET_NAME = MyPlaces;
			};
			name = Release;
		};
/* End XCBuildConfiguration section */

/* Begin XCConfigurationList section */
		8E7FDE2E1FF3F24D004880F8 /* Build configuration list for PBXProject "MyPlaces" */ = {
			isa = XCConfigurationList;
			buildConfigurations = (
				8E7FDE5C1FF3F24D004880F8 /* Debug */,
				8E7FDE5D1FF3F24D004880F8 /* Release */,
			);
			defaultConfigurationIsVisible = 0;
			defaultConfigurationName = Release;
		};
		8E7FDE5E1FF3F24D004880F8 /* Build configuration list for PBXNativeTarget "MyPlaces" */ = {
			isa = XCConfigurationList;
			buildConfigurations = (
				8E7FDE5F1FF3F24D004880F8 /* Debug */,
				8E7FDE601FF3F24D004880F8 /* Release */,
			);
			defaultConfigurationIsVisible = 0;
			defaultConfigurationName = Release;
		};
		8E7FDE611FF3F24D004880F8 /* Build configuration list for PBXNativeTarget "MyPlacesTests" */ = {
			isa = XCConfigurationList;
			buildConfigurations = (
				8E7FDE621FF3F24D004880F8 /* Debug */,
				8E7FDE631FF3F24D004880F8 /* Release */,
			);
			defaultConfigurationIsVisible = 0;
			defaultConfigurationName = Release;
		};
		8E7FDE641FF3F24D004880F8 /* Build configuration list for PBXNativeTarget "MyPlacesUITests" */ = {
			isa = XCConfigurationList;
			buildConfigurations = (
				8E7FDE651FF3F24D004880F8 /* Debug */,
				8E7FDE661FF3F24D004880F8 /* Release */,
			);
			defaultConfigurationIsVisible = 0;
			defaultConfigurationName = Release;
		};
/* End XCConfigurationList section */

/* Begin XCVersionGroup section */
		8E7FDE3D1FF3F24D004880F8 /* MyPlaces.xcdatamodeld */ = {
			isa = XCVersionGroup;
			children = (
				8E7FDE3E1FF3F24D004880F8 /* MyPlaces.xcdatamodel */,
			);
			currentVersion = 8E7FDE3E1FF3F24D004880F8 /* MyPlaces.xcdatamodel */;
			path = MyPlaces.xcdatamodeld;
			sourceTree = "<group>";
			versionGroupType = wrapper.xcdatamodel;
		};
/* End XCVersionGroup section */
	};
	rootObject = 8E7FDE2B1FF3F24D004880F8 /* Project object */;
}
